{
  "name": "jmri",
  "version": "1.0.0",
  "lockfileVersion": 1,
  "dependencies": {
    "angular": {
      "version": "https://registry.npmjs.org/angular/-/angular-1.6.4.tgz",
      "integrity": "sha1-A7exXAGggC1+LPWTJA5gQFTcd/s="
    },
    "angular-patternfly": {
      "version": "4.0.0",
      "resolved": "https://registry.npmjs.org/angular-patternfly/-/angular-patternfly-4.0.0.tgz",
      "integrity": "sha1-FysVOGyvL5h+ZnLqOAP21Y7wBPI=",
      "dependencies": {
        "angular": {
          "version": "https://registry.npmjs.org/angular/-/angular-1.5.11.tgz",
          "integrity": "sha1-jFunOG8VllyazzQp9ogVU6raMNY="
        },
        "angular-animate": {
          "version": "https://registry.npmjs.org/angular-animate/-/angular-animate-1.5.11.tgz",
          "integrity": "sha1-G6pDwwPRuTxOaqiUU7ORFLehxmk="
        },
        "angular-datatables": {
          "version": "https://registry.npmjs.org/angular-datatables/-/angular-datatables-0.5.7.tgz",
          "integrity": "sha1-NAzNxO2udnVyxiced8v+JaGBCWU=",
          "optional": true
        },
        "angular-drag-and-drop-lists": {
          "version": "https://registry.npmjs.org/angular-drag-and-drop-lists/-/angular-drag-and-drop-lists-2.0.0.tgz",
          "integrity": "sha1-oB1EuUzyM8nC1FoxhCyzWp0Igso=",
          "optional": true
        },
        "angular-sanitize": {
          "version": "https://registry.npmjs.org/angular-sanitize/-/angular-sanitize-1.5.11.tgz",
          "integrity": "sha1-6/s/ND5UP5su8FD7TC6e4EjRdy8="
        },
        "angular-svg-base-fix": {
          "version": "https://registry.npmjs.org/angular-svg-base-fix/-/angular-svg-base-fix-2.0.0.tgz",
          "integrity": "sha1-89X4W4ehDSExD0fahFUDi5DPsAA="
        },
        "angular-ui-bootstrap": {
          "version": "https://registry.npmjs.org/angular-ui-bootstrap/-/angular-ui-bootstrap-2.3.2.tgz",
          "integrity": "sha1-v+yJTtmDreHl0/QC/BD4gpZSrJk="
        },
        "bootstrap-select": {
          "version": "https://registry.npmjs.org/bootstrap-select/-/bootstrap-select-1.10.0.tgz",
          "integrity": "sha1-lJlnnnAATbwAhyUiMi07k6DxMuQ=",
          "optional": true
        },
        "c3": {
          "version": "https://registry.npmjs.org/c3/-/c3-0.4.12.tgz",
          "integrity": "sha1-WPYlDCtZJbYakwp7ezg/uPWPYj8=",
          "optional": true
        },
        "components-jqueryui": {
          "version": "git://github.com/components/jqueryui.git#44ecf3794cc56b65954cc19737234a3119d036cc",
          "optional": true
        },
        "d3": {
          "version": "https://registry.npmjs.org/d3/-/d3-3.5.17.tgz",
          "integrity": "sha1-vEZ0gAQ3iyGjYMn8fPUjF5B2L7g=",
          "optional": true
        },
        "datatables.net": {
          "version": "https://registry.npmjs.org/datatables.net/-/datatables.net-1.10.15.tgz",
          "integrity": "sha1-x4kHe7/jhedf9aIz+l8jJRpy32g="
        },
        "datatables.net-dt": {
          "version": "https://registry.npmjs.org/datatables.net-dt/-/datatables.net-dt-1.10.15.tgz",
          "integrity": "sha1-zGcTbFaYiKzzRofjSgrqqZN4u8Y=",
          "optional": true
        },
        "datatables.net-select": {
          "version": "https://registry.npmjs.org/datatables.net-select/-/datatables.net-select-1.2.2.tgz",
          "integrity": "sha1-llF5P1KJn05XRcByCCHouChvv0U=",
          "optional": true
        },
        "jquery": {
          "version": "https://registry.npmjs.org/jquery/-/jquery-3.2.1.tgz",
          "integrity": "sha1-XE2d5lKvbNCncBVKYxu6ErAVx4c="
        },
        "lodash-amd": {
          "version": "https://registry.npmjs.org/lodash-amd/-/lodash-amd-4.17.4.tgz",
          "integrity": "sha1-LUL4ATrP8r+/+2pPR71mgsigimI="
        },
        "moment": {
          "version": "https://registry.npmjs.org/moment/-/moment-2.14.1.tgz",
          "integrity": "sha1-s1snxH5X7S3ccAU9awe+zbKRdBw=",
          "optional": true
        },
        "patternfly": {
          "version": "https://registry.npmjs.org/patternfly/-/patternfly-3.25.0.tgz",
          "integrity": "sha1-fEqnyPkwpAkJ2ajtm/wCqn+V8bE=",
          "dependencies": {
            "bootstrap": {
              "version": "https://registry.npmjs.org/bootstrap/-/bootstrap-3.3.7.tgz",
              "integrity": "sha1-WjiTlFSfIzMIdaOxUGVldPip63E="
            },
            "bootstrap-datepicker": {
              "version": "https://registry.npmjs.org/bootstrap-datepicker/-/bootstrap-datepicker-1.6.4.tgz",
              "integrity": "sha1-iJ6+ztjqov8V7B8nPksHUxzEPaA=",
              "optional": true
            },
            "bootstrap-select": {
              "version": "https://registry.npmjs.org/bootstrap-select/-/bootstrap-select-1.12.2.tgz",
              "integrity": "sha1-WNCVs/1YSzFEOGb745tv3U5OEqQ=",
              "optional": true
            },
            "bootstrap-switch": {
              "version": "https://registry.npmjs.org/bootstrap-switch/-/bootstrap-switch-3.3.4.tgz",
              "integrity": "sha1-cOCusqh3wNx2aZHeEI4hcPwpov8=",
              "optional": true
            },
            "bootstrap-touchspin": {
              "version": "https://registry.npmjs.org/bootstrap-touchspin/-/bootstrap-touchspin-3.1.1.tgz",
              "integrity": "sha1-l3nerHKq9Xfl52K4USx0fIcdlZc=",
              "optional": true
            },
            "c3": {
              "version": "https://registry.npmjs.org/c3/-/c3-0.4.11.tgz",
              "integrity": "sha1-Pytse9M1d6NHPdYRdnNVZbTQ884=",
              "optional": true
            },
            "d3": {
              "version": "https://registry.npmjs.org/d3/-/d3-3.5.17.tgz",
              "integrity": "sha1-vEZ0gAQ3iyGjYMn8fPUjF5B2L7g=",
              "optional": true
            },
            "datatables.net": {
              "version": "https://registry.npmjs.org/datatables.net/-/datatables.net-1.10.15.tgz",
              "integrity": "sha1-x4kHe7/jhedf9aIz+l8jJRpy32g="
            },
            "datatables.net-bs": {
              "version": "https://registry.npmjs.org/datatables.net-bs/-/datatables.net-bs-1.10.15.tgz",
              "integrity": "sha1-ssImEAfYTKW1q/VsGO3CJ+DaGk0=",
              "optional": true
            },
            "datatables.net-colreorder": {
              "version": "https://registry.npmjs.org/datatables.net-colreorder/-/datatables.net-colreorder-1.3.3.tgz",
              "integrity": "sha1-/HYuNQ+UIkyyzUXCuWImGg//73I=",
              "optional": true
            },
            "datatables.net-colreorder-bs": {
              "version": "https://registry.npmjs.org/datatables.net-colreorder-bs/-/datatables.net-colreorder-bs-1.3.3.tgz",
              "integrity": "sha1-Op3LCN7r612FQHlZHgbkk615OlM=",
              "optional": true
            },
            "datatables.net-select": {
              "version": "https://registry.npmjs.org/datatables.net-select/-/datatables.net-select-1.2.2.tgz",
              "integrity": "sha1-llF5P1KJn05XRcByCCHouChvv0U=",
              "optional": true
            },
            "drmonty-datatables-colvis": {
              "version": "https://registry.npmjs.org/drmonty-datatables-colvis/-/drmonty-datatables-colvis-1.1.2.tgz",
              "integrity": "sha1-lque37SGQ8wu3aP4e4iTPN7oEnw=",
              "optional": true
            },
            "eonasdan-bootstrap-datetimepicker": {
              "version": "https://registry.npmjs.org/eonasdan-bootstrap-datetimepicker/-/eonasdan-bootstrap-datetimepicker-4.17.47.tgz",
              "integrity": "sha1-ekmXAEQGUnbnll79Fvgic1IZ5zU=",
              "optional": true
            },
            "font-awesome": {
              "version": "https://registry.npmjs.org/font-awesome/-/font-awesome-4.7.0.tgz",
              "integrity": "sha1-j6jPBBGhoxr9B7BtKQK7n8gVoTM="
            },
            "google-code-prettify": {
              "version": "https://registry.npmjs.org/google-code-prettify/-/google-code-prettify-1.0.5.tgz",
              "integrity": "sha1-n0d/Ik2/piNy5e+AOn4VdBBAAIQ=",
              "optional": true
            },
            "jquery": {
              "version": "https://registry.npmjs.org/jquery/-/jquery-3.2.1.tgz",
              "integrity": "sha1-XE2d5lKvbNCncBVKYxu6ErAVx4c="
            },
            "jquery-match-height": {
              "version": "https://registry.npmjs.org/jquery-match-height/-/jquery-match-height-0.7.2.tgz",
              "integrity": "sha1-+NnzulMU2qsQnPB0CGdL4gS+Xw4=",
              "optional": true
            },
            "moment": {
              "version": "https://registry.npmjs.org/moment/-/moment-2.14.1.tgz",
              "integrity": "sha1-s1snxH5X7S3ccAU9awe+zbKRdBw="
            },
            "moment-timezone": {
              "version": "https://registry.npmjs.org/moment-timezone/-/moment-timezone-0.4.1.tgz",
              "integrity": "sha1-gfWYw61eIs2teWtn7NjYjQ9bqgY=",
              "optional": true
            },
            "patternfly-bootstrap-combobox": {
              "version": "https://registry.npmjs.org/patternfly-bootstrap-combobox/-/patternfly-bootstrap-combobox-1.1.7.tgz",
              "integrity": "sha1-al48zRFwwhs8S0qhaKdBPh3btuE=",
              "optional": true
            },
            "patternfly-bootstrap-treeview": {
              "version": "https://registry.npmjs.org/patternfly-bootstrap-treeview/-/patternfly-bootstrap-treeview-2.1.3.tgz",
              "integrity": "sha1-anxfNwc6QOofbu2VYw8p4I4PMLA=",
              "optional": true
            }
          }
        }
      }
    },
    "angular-resource": {
      "version": "https://registry.npmjs.org/angular-resource/-/angular-resource-1.6.4.tgz",
      "integrity": "sha1-vLg2iLCn00Av3ljcf0iBODpsDrs="
    },
    "angular-route": {
      "version": "https://registry.npmjs.org/angular-route/-/angular-route-1.6.4.tgz",
      "integrity": "sha1-e7IW/Np0ahuMRSBUsFkApwdOzGI="
    },
    "angular-translate": {
      "version": "https://registry.npmjs.org/angular-translate/-/angular-translate-2.15.1.tgz",
      "integrity": "sha1-kg99K4d4GeHA+ogXgbm2dfNkgM4="
    },
    "angular-translate-handler-log": {
      "version": "https://registry.npmjs.org/angular-translate-handler-log/-/angular-translate-handler-log-2.15.1.tgz",
      "integrity": "sha1-YxRcZwaT4DmtWprc+kjQZZm3o5w="
    },
    "angular-translate-loader-partial": {
      "version": "https://registry.npmjs.org/angular-translate-loader-partial/-/angular-translate-loader-partial-2.15.1.tgz",
      "integrity": "sha1-s1PcVolfnDhX4uBGMDo5uXGeExQ="
    },
    "angular-websocket": {
      "version": "https://registry.npmjs.org/angular-websocket/-/angular-websocket-2.0.1.tgz",
      "integrity": "sha1-D7TWDtkBi+WD0DHuxOVrRXy43O4="
    },
    "options": {
      "version": "https://registry.npmjs.org/options/-/options-0.0.6.tgz",
      "integrity": "sha1-7CLTEoBrtT5zF3Pnza788cZDEo8="
    },
    "ultron": {
      "version": "https://registry.npmjs.org/ultron/-/ultron-1.0.2.tgz",
      "integrity": "sha1-rOEWq1V80Zc4ak6I9GhTeMiy5Po="
    },
    "ws": {
      "version": "https://registry.npmjs.org/ws/-/ws-1.1.4.tgz",
      "integrity": "sha1-V/QNA2gy5fUFVmKjl8Tedu1mv2E="
    }
  }
}
