{
  "name": "jmri",
  "version": "1.0.0",
  "lockfileVersion": 1,
  "requires": true,
  "dependencies": {
    "angular": {
      "version": "1.6.6",
      "resolved": "https://registry.npmjs.org/angular/-/angular-1.6.6.tgz",
      "integrity": "sha1-/Vo8+0N844LYVO4BEgeXl4Uny2Q="
    },
    "angular-patternfly": {
      "version": "4.11.1",
      "resolved": "https://registry.npmjs.org/angular-patternfly/-/angular-patternfly-4.11.1.tgz",
      "integrity": "sha1-G7BJZMn6PezWbcOuLMc1Wdf0I58=",
      "requires": {
        "angular": "1.5.11",
        "angular-animate": "1.5.11",
        "angular-drag-and-drop-lists": "2.0.0",
        "angular-sanitize": "1.5.11",
        "angular-svg-base-fix": "2.0.0",
        "angular-ui-bootstrap": "2.3.2",
        "angularjs-datatables": "0.5.9",
        "bootstrap": "3.3.7",
        "bootstrap-select": "1.12.4",
        "c3": "0.4.17",
        "components-jqueryui": "git://github.com/components/jqueryui.git#44ecf3794cc56b65954cc19737234a3119d036cc",
        "d3": "3.5.17",
        "datatables.net": "1.10.15",
        "datatables.net-select": "1.2.2",
        "jquery": "3.2.1",
        "lodash": "4.17.4",
        "moment": "2.14.1",
        "patternfly": "3.27.3"
      },
      "dependencies": {
        "angular": {
          "version": "1.5.11",
          "resolved": "https://registry.npmjs.org/angular/-/angular-1.5.11.tgz",
          "integrity": "sha1-jFunOG8VllyazzQp9ogVU6raMNY="
        },
        "angular-animate": {
          "version": "1.5.11",
          "resolved": "https://registry.npmjs.org/angular-animate/-/angular-animate-1.5.11.tgz",
          "integrity": "sha1-G6pDwwPRuTxOaqiUU7ORFLehxmk="
        },
        "angular-drag-and-drop-lists": {
          "version": "2.0.0",
          "resolved": "https://registry.npmjs.org/angular-drag-and-drop-lists/-/angular-drag-and-drop-lists-2.0.0.tgz",
          "integrity": "sha1-oB1EuUzyM8nC1FoxhCyzWp0Igso=",
          "optional": true
        },
        "angular-sanitize": {
          "version": "1.5.11",
          "resolved": "https://registry.npmjs.org/angular-sanitize/-/angular-sanitize-1.5.11.tgz",
          "integrity": "sha1-6/s/ND5UP5su8FD7TC6e4EjRdy8="
        },
        "angular-svg-base-fix": {
          "version": "2.0.0",
          "resolved": "https://registry.npmjs.org/angular-svg-base-fix/-/angular-svg-base-fix-2.0.0.tgz",
          "integrity": "sha1-89X4W4ehDSExD0fahFUDi5DPsAA="
        },
        "angular-ui-bootstrap": {
          "version": "2.3.2",
          "resolved": "https://registry.npmjs.org/angular-ui-bootstrap/-/angular-ui-bootstrap-2.3.2.tgz",
          "integrity": "sha1-v+yJTtmDreHl0/QC/BD4gpZSrJk="
        },
        "angularjs-datatables": {
          "version": "0.5.9",
          "resolved": "https://registry.npmjs.org/angularjs-datatables/-/angularjs-datatables-0.5.9.tgz",
          "integrity": "sha1-JL3DuglRdB9BcilbanlcWM5jrZQ=",
          "optional": true,
          "requires": {
            "angular": "1.5.11",
            "datatables.net": "1.10.15",
            "datatables.net-dt": "1.10.16",
            "jquery": "3.2.1"
          }
        },
        "bootstrap": {
          "version": "3.3.7",
          "resolved": "https://registry.npmjs.org/bootstrap/-/bootstrap-3.3.7.tgz",
          "integrity": "sha1-WjiTlFSfIzMIdaOxUGVldPip63E=",
          "optional": true
        },
        "bootstrap-select": {
          "version": "1.12.4",
          "resolved": "https://registry.npmjs.org/bootstrap-select/-/bootstrap-select-1.12.4.tgz",
          "integrity": "sha1-fxXTwM6XiGjZwJxw+WYk9V+gLuE=",
          "optional": true,
          "requires": {
            "jquery": "3.2.1"
          }
        },
        "c3": {
          "version": "0.4.17",
          "resolved": "https://registry.npmjs.org/c3/-/c3-0.4.17.tgz",
          "integrity": "sha512-41T3yS3jq1XgA7ruvV1wFVEK1E2az2iUAqS7hU5de62JVrjPyxWqIPu8AHlKpShZxJbD+DXLRkQHfOLASYyqyg==",
          "optional": true,
          "requires": {
            "d3": "3.5.17"
          }
        },
        "components-jqueryui": {
          "version": "git://github.com/components/jqueryui.git#44ecf3794cc56b65954cc19737234a3119d036cc",
          "optional": true
        },
        "d3": {
          "version": "3.5.17",
          "resolved": "https://registry.npmjs.org/d3/-/d3-3.5.17.tgz",
          "integrity": "sha1-vEZ0gAQ3iyGjYMn8fPUjF5B2L7g=",
          "optional": true
        },
        "datatables.net": {
          "version": "1.10.15",
          "resolved": "https://registry.npmjs.org/datatables.net/-/datatables.net-1.10.15.tgz",
          "integrity": "sha1-x4kHe7/jhedf9aIz+l8jJRpy32g=",
          "optional": true,
          "requires": {
            "jquery": "3.2.1"
          }
        },
        "datatables.net-dt": {
          "version": "1.10.16",
          "resolved": "https://registry.npmjs.org/datatables.net-dt/-/datatables.net-dt-1.10.16.tgz",
          "integrity": "sha1-Z1ijCPueX5Yp+2VBzDAeSOyexVU=",
          "optional": true,
          "requires": {
            "datatables.net": "1.10.16",
            "jquery": "3.2.1"
          },
          "dependencies": {
            "datatables.net": {
              "version": "1.10.16",
              "resolved": "https://registry.npmjs.org/datatables.net/-/datatables.net-1.10.16.tgz",
              "integrity": "sha1-SwUtEIKCQmG2ju2dInQbcR09JGk=",
              "optional": true,
              "requires": {
                "jquery": "3.2.1"
              }
            }
          }
        },
        "datatables.net-select": {
          "version": "1.2.2",
          "resolved": "https://registry.npmjs.org/datatables.net-select/-/datatables.net-select-1.2.2.tgz",
          "integrity": "sha1-llF5P1KJn05XRcByCCHouChvv0U=",
          "optional": true,
          "requires": {
            "datatables.net": "1.10.15",
            "jquery": "3.2.1"
          }
        },
        "jquery": {
          "version": "3.2.1",
          "resolved": "https://registry.npmjs.org/jquery/-/jquery-3.2.1.tgz",
          "integrity": "sha1-XE2d5lKvbNCncBVKYxu6ErAVx4c="
        },
        "lodash": {
          "version": "4.17.4",
          "resolved": "https://registry.npmjs.org/lodash/-/lodash-4.17.4.tgz",
          "integrity": "sha1-eCA6TRwyiuHYbcpkYONptX9AVa4="
        },
        "moment": {
          "version": "2.14.1",
          "resolved": "https://registry.npmjs.org/moment/-/moment-2.14.1.tgz",
          "integrity": "sha1-s1snxH5X7S3ccAU9awe+zbKRdBw=",
          "optional": true
        },
        "patternfly": {
          "version": "3.27.3",
          "resolved": "https://registry.npmjs.org/patternfly/-/patternfly-3.27.3.tgz",
          "integrity": "sha1-oiPnm/KX2CpFTikVasQm/AnaMAE=",
          "requires": {
            "bootstrap": "3.3.7",
            "bootstrap-datepicker": "1.6.4",
            "bootstrap-select": "1.12.4",
            "bootstrap-switch": "3.3.4",
            "bootstrap-touchspin": "3.1.1",
            "c3": "0.4.17",
            "d3": "3.5.17",
            "datatables.net": "1.10.15",
            "datatables.net-colreorder": "1.3.3",
            "datatables.net-colreorder-bs": "1.3.3",
            "datatables.net-select": "1.2.2",
            "drmonty-datatables-colvis": "1.1.2",
            "eonasdan-bootstrap-datetimepicker": "4.17.47",
            "font-awesome": "4.7.0",
            "google-code-prettify": "1.0.5",
            "jquery": "3.2.1",
            "jquery-match-height": "0.7.2",
            "moment": "2.14.1",
            "moment-timezone": "0.4.1",
            "patternfly-bootstrap-combobox": "1.1.7",
            "patternfly-bootstrap-treeview": "2.1.5"
          },
          "dependencies": {
            "bootstrap": {
              "version": "3.3.7",
              "resolved": "https://registry.npmjs.org/bootstrap/-/bootstrap-3.3.7.tgz",
              "integrity": "sha1-WjiTlFSfIzMIdaOxUGVldPip63E="
            },
            "bootstrap-datepicker": {
              "version": "1.6.4",
              "resolved": "https://registry.npmjs.org/bootstrap-datepicker/-/bootstrap-datepicker-1.6.4.tgz",
              "integrity": "sha1-iJ6+ztjqov8V7B8nPksHUxzEPaA=",
              "optional": true,
              "requires": {
                "jquery": "3.2.1"
              }
            },
            "bootstrap-select": {
              "version": "1.12.4",
              "resolved": "https://registry.npmjs.org/bootstrap-select/-/bootstrap-select-1.12.4.tgz",
              "integrity": "sha1-fxXTwM6XiGjZwJxw+WYk9V+gLuE=",
              "optional": true,
              "requires": {
                "jquery": "3.2.1"
              }
            },
            "bootstrap-switch": {
              "version": "3.3.4",
              "resolved": "https://registry.npmjs.org/bootstrap-switch/-/bootstrap-switch-3.3.4.tgz",
              "integrity": "sha1-cOCusqh3wNx2aZHeEI4hcPwpov8=",
              "optional": true
            },
            "bootstrap-touchspin": {
              "version": "3.1.1",
              "resolved": "https://registry.npmjs.org/bootstrap-touchspin/-/bootstrap-touchspin-3.1.1.tgz",
              "integrity": "sha1-l3nerHKq9Xfl52K4USx0fIcdlZc=",
              "optional": true
            },
            "c3": {
              "version": "0.4.17",
              "resolved": "https://registry.npmjs.org/c3/-/c3-0.4.17.tgz",
              "integrity": "sha512-41T3yS3jq1XgA7ruvV1wFVEK1E2az2iUAqS7hU5de62JVrjPyxWqIPu8AHlKpShZxJbD+DXLRkQHfOLASYyqyg==",
              "optional": true,
              "requires": {
                "d3": "3.5.17"
              }
            },
            "d3": {
              "version": "3.5.17",
              "resolved": "https://registry.npmjs.org/d3/-/d3-3.5.17.tgz",
              "integrity": "sha1-vEZ0gAQ3iyGjYMn8fPUjF5B2L7g=",
              "optional": true
            },
            "datatables.net": {
              "version": "1.10.15",
              "resolved": "https://registry.npmjs.org/datatables.net/-/datatables.net-1.10.15.tgz",
              "integrity": "sha1-x4kHe7/jhedf9aIz+l8jJRpy32g=",
              "requires": {
                "jquery": "3.2.1"
              }
            },
            "datatables.net-bs": {
              "version": "1.10.15",
              "resolved": "https://registry.npmjs.org/datatables.net-bs/-/datatables.net-bs-1.10.15.tgz",
              "integrity": "sha1-ssImEAfYTKW1q/VsGO3CJ+DaGk0=",
              "optional": true,
              "requires": {
                "datatables.net": "1.10.15",
                "jquery": "3.2.1"
              }
            },
            "datatables.net-colreorder": {
              "version": "1.3.3",
              "resolved": "https://registry.npmjs.org/datatables.net-colreorder/-/datatables.net-colreorder-1.3.3.tgz",
              "integrity": "sha1-/HYuNQ+UIkyyzUXCuWImGg//73I=",
              "optional": true,
              "requires": {
                "datatables.net": "1.10.15",
                "jquery": "3.2.1"
              }
            },
            "datatables.net-colreorder-bs": {
              "version": "1.3.3",
              "resolved": "https://registry.npmjs.org/datatables.net-colreorder-bs/-/datatables.net-colreorder-bs-1.3.3.tgz",
              "integrity": "sha1-Op3LCN7r612FQHlZHgbkk615OlM=",
              "optional": true,
              "requires": {
                "datatables.net-bs": "1.10.15",
                "datatables.net-colreorder": "1.3.3",
                "jquery": "3.2.1"
              }
            },
            "datatables.net-select": {
              "version": "1.2.2",
              "resolved": "https://registry.npmjs.org/datatables.net-select/-/datatables.net-select-1.2.2.tgz",
              "integrity": "sha1-llF5P1KJn05XRcByCCHouChvv0U=",
              "optional": true,
              "requires": {
                "datatables.net": "1.10.15",
                "jquery": "3.2.1"
              }
            },
            "drmonty-datatables-colvis": {
              "version": "1.1.2",
              "resolved": "https://registry.npmjs.org/drmonty-datatables-colvis/-/drmonty-datatables-colvis-1.1.2.tgz",
              "integrity": "sha1-lque37SGQ8wu3aP4e4iTPN7oEnw=",
              "optional": true,
              "requires": {
                "jquery": "3.2.1"
              }
            },
            "eonasdan-bootstrap-datetimepicker": {
              "version": "4.17.47",
              "resolved": "https://registry.npmjs.org/eonasdan-bootstrap-datetimepicker/-/eonasdan-bootstrap-datetimepicker-4.17.47.tgz",
              "integrity": "sha1-ekmXAEQGUnbnll79Fvgic1IZ5zU=",
              "optional": true,
              "requires": {
                "bootstrap": "3.3.7",
                "jquery": "3.2.1",
                "moment": "2.14.1",
                "moment-timezone": "0.4.1"
              }
            },
            "font-awesome": {
              "version": "4.7.0",
              "resolved": "https://registry.npmjs.org/font-awesome/-/font-awesome-4.7.0.tgz",
              "integrity": "sha1-j6jPBBGhoxr9B7BtKQK7n8gVoTM="
            },
            "google-code-prettify": {
              "version": "1.0.5",
              "resolved": "https://registry.npmjs.org/google-code-prettify/-/google-code-prettify-1.0.5.tgz",
              "integrity": "sha1-n0d/Ik2/piNy5e+AOn4VdBBAAIQ=",
              "optional": true
            },
            "jquery": {
              "version": "3.2.1",
              "resolved": "https://registry.npmjs.org/jquery/-/jquery-3.2.1.tgz",
              "integrity": "sha1-XE2d5lKvbNCncBVKYxu6ErAVx4c="
            },
            "jquery-match-height": {
              "version": "0.7.2",
              "resolved": "https://registry.npmjs.org/jquery-match-height/-/jquery-match-height-0.7.2.tgz",
              "integrity": "sha1-+NnzulMU2qsQnPB0CGdL4gS+Xw4=",
              "optional": true
            },
            "moment": {
              "version": "2.14.1",
              "resolved": "https://registry.npmjs.org/moment/-/moment-2.14.1.tgz",
              "integrity": "sha1-s1snxH5X7S3ccAU9awe+zbKRdBw="
            },
            "moment-timezone": {
              "version": "0.4.1",
              "resolved": "https://registry.npmjs.org/moment-timezone/-/moment-timezone-0.4.1.tgz",
              "integrity": "sha1-gfWYw61eIs2teWtn7NjYjQ9bqgY=",
              "optional": true,
              "requires": {
                "moment": "2.14.1"
              }
            },
            "patternfly-bootstrap-combobox": {
              "version": "1.1.7",
              "resolved": "https://registry.npmjs.org/patternfly-bootstrap-combobox/-/patternfly-bootstrap-combobox-1.1.7.tgz",
              "integrity": "sha1-al48zRFwwhs8S0qhaKdBPh3btuE=",
              "optional": true
            },
            "patternfly-bootstrap-treeview": {
              "version": "2.1.5",
              "resolved": "https://registry.npmjs.org/patternfly-bootstrap-treeview/-/patternfly-bootstrap-treeview-2.1.5.tgz",
              "integrity": "sha1-TCnyWC+4ovKPCpKPLw0yTSHWmQ0=",
              "optional": true,
              "requires": {
                "bootstrap": "3.3.7",
                "jquery": "3.2.1"
              }
            }
          }
        }
      }
    },
    "angular-resource": {
      "version": "1.6.6",
      "resolved": "https://registry.npmjs.org/angular-resource/-/angular-resource-1.6.6.tgz",
      "integrity": "sha1-QwZg6WnD589AxeJH5eaQ8G1u/GE="
    },
    "angular-route": {
      "version": "1.6.6",
      "resolved": "https://registry.npmjs.org/angular-route/-/angular-route-1.6.6.tgz",
      "integrity": "sha1-jBF0iqGVxxexthWn50ZEK/x8YfQ="
    },
    "angular-translate": {
      "version": "2.15.2",
      "resolved": "https://registry.npmjs.org/angular-translate/-/angular-translate-2.15.2.tgz",
      "integrity": "sha1-+aPCuNXa6312yeLAH/PD1X/hK5A=",
      "requires": {
        "angular": "1.6.6"
      }
    },
    "angular-translate-handler-log": {
      "version": "2.15.2",
      "resolved": "https://registry.npmjs.org/angular-translate-handler-log/-/angular-translate-handler-log-2.15.2.tgz",
      "integrity": "sha1-hyDTgjZzOEaIlz+Yy9fg9/5LEjQ=",
      "requires": {
        "angular-translate": "2.15.2"
      }
    },
    "angular-translate-loader-partial": {
      "version": "2.15.2",
      "resolved": "https://registry.npmjs.org/angular-translate-loader-partial/-/angular-translate-loader-partial-2.15.2.tgz",
      "integrity": "sha1-plB9OdyiOWjMJYCX21Rb4zEkZkQ=",
      "requires": {
        "angular-translate": "2.15.2"
      }
    },
    "angular-websocket": {
      "version": "2.0.1",
      "resolved": "https://registry.npmjs.org/angular-websocket/-/angular-websocket-2.0.1.tgz",
      "integrity": "sha1-D7TWDtkBi+WD0DHuxOVrRXy43O4=",
      "requires": {
        "angular": "1.6.6",
        "ws": "1.1.4"
      },
      "dependencies": {
        "options": {
          "version": "0.0.6",
          "resolved": "https://registry.npmjs.org/options/-/options-0.0.6.tgz",
          "integrity": "sha1-7CLTEoBrtT5zF3Pnza788cZDEo8="
        },
        "ultron": {
          "version": "1.0.2",
          "resolved": "https://registry.npmjs.org/ultron/-/ultron-1.0.2.tgz",
          "integrity": "sha1-rOEWq1V80Zc4ak6I9GhTeMiy5Po="
        },
        "ws": {
          "version": "1.1.4",
          "resolved": "https://registry.npmjs.org/ws/-/ws-1.1.4.tgz",
          "integrity": "sha1-V/QNA2gy5fUFVmKjl8Tedu1mv2E=",
          "requires": {
            "options": "0.0.6",
            "ultron": "1.0.2"
          }
        }
      }
    },
    "angularjs-datatables": {
      "version": "0.5.9",
      "resolved": "https://registry.npmjs.org/angularjs-datatables/-/angularjs-datatables-0.5.9.tgz",
      "integrity": "sha1-JL3DuglRdB9BcilbanlcWM5jrZQ=",
      "requires": {
        "angular": "1.6.6",
        "datatables.net": "1.10.16",
        "datatables.net-dt": "1.10.16",
        "jquery": "3.2.1"
      }
    },
    "datatables.net": {
      "version": "1.10.16",
      "resolved": "https://registry.npmjs.org/datatables.net/-/datatables.net-1.10.16.tgz",
      "integrity": "sha1-SwUtEIKCQmG2ju2dInQbcR09JGk=",
      "requires": {
        "jquery": "3.2.1"
      }
    },
    "datatables.net-dt": {
      "version": "1.10.16",
      "resolved": "https://registry.npmjs.org/datatables.net-dt/-/datatables.net-dt-1.10.16.tgz",
      "integrity": "sha1-Z1ijCPueX5Yp+2VBzDAeSOyexVU=",
      "requires": {
        "datatables.net": "1.10.16",
        "jquery": "3.2.1"
      }
    },
    "jquery": {
      "version": "3.2.1",
      "resolved": "https://registry.npmjs.org/jquery/-/jquery-3.2.1.tgz",
      "integrity": "sha1-XE2d5lKvbNCncBVKYxu6ErAVx4c="
    },
    "lodash": {
      "version": "4.17.4",
      "resolved": "https://registry.npmjs.org/lodash/-/lodash-4.17.4.tgz",
      "integrity": "sha1-eCA6TRwyiuHYbcpkYONptX9AVa4="
    },
    "moment": {
      "version": "2.18.1",
      "resolved": "https://registry.npmjs.org/moment/-/moment-2.18.1.tgz",
      "integrity": "sha1-w2GT3Tzhwu7SrbfIAtu8d6gbHA8="
    }
  }
}
