{
  "name": "jmri",
  "version": "1.0.0",
  "lockfileVersion": 1,
  "requires": true,
  "dependencies": {
    "abbrev": {
      "version": "1.1.0",
      "resolved": "https://registry.npmjs.org/abbrev/-/abbrev-1.1.0.tgz",
      "integrity": "sha1-0FVMIlZjbi9W58LlrRg/hZQo2B8="
    },
    "angular": {
      "version": "1.6.6",
      "resolved": "https://registry.npmjs.org/angular/-/angular-1.6.6.tgz",
      "integrity": "sha1-/Vo8+0N844LYVO4BEgeXl4Uny2Q="
    },
    "angular-patternfly": {
      "version": "4.7.1",
      "resolved": "https://registry.npmjs.org/angular-patternfly/-/angular-patternfly-4.7.1.tgz",
      "integrity": "sha1-ubnF/au49Fcra+1JbMrlSnVUxDE=",
      "requires": {
        "angular": "1.5.11",
        "angular-animate": "1.5.11",
        "angular-drag-and-drop-lists": "2.0.0",
        "angular-sanitize": "1.5.11",
        "angular-svg-base-fix": "2.0.0",
        "angular-ui-bootstrap": "2.3.2",
        "angularjs-datatables": "0.5.7",
        "bootstrap-select": "1.10.0",
        "c3": "0.4.17",
        "components-jqueryui": "git://github.com/components/jqueryui.git#44ecf3794cc56b65954cc19737234a3119d036cc",
        "d3": "3.5.17",
        "datatables.net": "1.10.15",
        "datatables.net-select": "1.2.2",
        "jquery": "3.2.1",
        "lodash": "4.17.4",
        "moment": "2.14.1",
        "patternfly": "3.26.6"
      },
      "dependencies": {
        "abbrev": {
          "version": "1.1.0",
          "resolved": "https://registry.npmjs.org/abbrev/-/abbrev-1.1.0.tgz",
          "integrity": "sha1-0FVMIlZjbi9W58LlrRg/hZQo2B8=",
          "optional": true
        },
        "angular": {
          "version": "1.5.11",
          "resolved": "https://registry.npmjs.org/angular/-/angular-1.5.11.tgz",
          "integrity": "sha1-jFunOG8VllyazzQp9ogVU6raMNY="
        },
        "angular-animate": {
          "version": "1.5.11",
          "resolved": "https://registry.npmjs.org/angular-animate/-/angular-animate-1.5.11.tgz",
          "integrity": "sha1-G6pDwwPRuTxOaqiUU7ORFLehxmk="
        },
        "angular-drag-and-drop-lists": {
          "version": "2.0.0",
          "resolved": "https://registry.npmjs.org/angular-drag-and-drop-lists/-/angular-drag-and-drop-lists-2.0.0.tgz",
          "integrity": "sha1-oB1EuUzyM8nC1FoxhCyzWp0Igso=",
          "optional": true
        },
        "angular-sanitize": {
          "version": "1.5.11",
          "resolved": "https://registry.npmjs.org/angular-sanitize/-/angular-sanitize-1.5.11.tgz",
          "integrity": "sha1-6/s/ND5UP5su8FD7TC6e4EjRdy8="
        },
        "angular-svg-base-fix": {
          "version": "2.0.0",
          "resolved": "https://registry.npmjs.org/angular-svg-base-fix/-/angular-svg-base-fix-2.0.0.tgz",
          "integrity": "sha1-89X4W4ehDSExD0fahFUDi5DPsAA="
        },
        "angular-ui-bootstrap": {
          "version": "2.3.2",
          "resolved": "https://registry.npmjs.org/angular-ui-bootstrap/-/angular-ui-bootstrap-2.3.2.tgz",
          "integrity": "sha1-v+yJTtmDreHl0/QC/BD4gpZSrJk="
        },
        "angularjs-datatables": {
          "version": "0.5.7",
          "resolved": "https://registry.npmjs.org/angularjs-datatables/-/angularjs-datatables-0.5.7.tgz",
          "integrity": "sha1-ZTUQhsvmsC7ZkHSA2d43sVwakZc=",
          "optional": true,
          "requires": {
            "angular": "1.5.11",
            "datatables.net": "1.10.15",
            "datatables.net-dt": "1.10.15",
            "grunt-parallel": "0.4.1",
            "jquery": "3.2.1"
          }
        },
        "argparse": {
          "version": "0.1.16",
          "resolved": "https://registry.npmjs.org/argparse/-/argparse-0.1.16.tgz",
          "integrity": "sha1-z9AeD7uj1srtBJ+9dY1A9lGW9Xw=",
          "optional": true,
          "requires": {
            "underscore": "1.7.0",
            "underscore.string": "2.4.0"
          },
          "dependencies": {
            "underscore.string": {
              "version": "2.4.0",
              "resolved": "https://registry.npmjs.org/underscore.string/-/underscore.string-2.4.0.tgz",
              "integrity": "sha1-jN2PusTi0uoefi6Al8QvRCKA+Fs=",
              "optional": true
            }
          }
        },
        "async": {
          "version": "0.1.22",
          "resolved": "https://registry.npmjs.org/async/-/async-0.1.22.tgz",
          "integrity": "sha1-D8GqoIig4+8Ovi2IMbqw3PiEUGE="
        },
        "bootstrap-select": {
          "version": "1.10.0",
          "resolved": "https://registry.npmjs.org/bootstrap-select/-/bootstrap-select-1.10.0.tgz",
          "integrity": "sha1-lJlnnnAATbwAhyUiMi07k6DxMuQ=",
          "optional": true,
          "requires": {
            "jquery": "3.2.1"
          }
        },
        "c3": {
          "version": "0.4.17",
          "resolved": "https://registry.npmjs.org/c3/-/c3-0.4.17.tgz",
          "integrity": "sha512-41T3yS3jq1XgA7ruvV1wFVEK1E2az2iUAqS7hU5de62JVrjPyxWqIPu8AHlKpShZxJbD+DXLRkQHfOLASYyqyg==",
          "optional": true,
          "requires": {
            "d3": "3.5.17"
          }
        },
        "coffee-script": {
          "version": "1.3.3",
          "resolved": "https://registry.npmjs.org/coffee-script/-/coffee-script-1.3.3.tgz",
          "integrity": "sha1-FQ1rTLUiiUNp7+1qIQHCC8f0pPQ=",
          "optional": true
        },
        "colors": {
          "version": "0.6.2",
          "resolved": "https://registry.npmjs.org/colors/-/colors-0.6.2.tgz",
          "integrity": "sha1-JCP+ZnisDF2uiFLl0OW+CMmXq8w="
        },
        "components-jqueryui": {
          "version": "git://github.com/components/jqueryui.git#44ecf3794cc56b65954cc19737234a3119d036cc",
          "optional": true
        },
        "d3": {
          "version": "3.5.17",
          "resolved": "https://registry.npmjs.org/d3/-/d3-3.5.17.tgz",
          "integrity": "sha1-vEZ0gAQ3iyGjYMn8fPUjF5B2L7g=",
          "optional": true
        },
        "datatables.net": {
          "version": "1.10.15",
          "resolved": "https://registry.npmjs.org/datatables.net/-/datatables.net-1.10.15.tgz",
          "integrity": "sha1-x4kHe7/jhedf9aIz+l8jJRpy32g=",
          "requires": {
            "jquery": "3.2.1"
          }
        },
        "datatables.net-dt": {
          "version": "1.10.15",
          "resolved": "https://registry.npmjs.org/datatables.net-dt/-/datatables.net-dt-1.10.15.tgz",
          "integrity": "sha1-zGcTbFaYiKzzRofjSgrqqZN4u8Y=",
          "optional": true,
          "requires": {
            "datatables.net": "1.10.15",
            "jquery": "3.2.1"
          }
        },
        "datatables.net-select": {
          "version": "1.2.2",
          "resolved": "https://registry.npmjs.org/datatables.net-select/-/datatables.net-select-1.2.2.tgz",
          "integrity": "sha1-llF5P1KJn05XRcByCCHouChvv0U=",
          "optional": true,
          "requires": {
            "datatables.net": "1.10.15",
            "jquery": "3.2.1"
          }
        },
        "dateformat": {
          "version": "1.0.2-1.2.3",
          "resolved": "https://registry.npmjs.org/dateformat/-/dateformat-1.0.2-1.2.3.tgz",
          "integrity": "sha1-sCIMAt6YYXQztyhRz0fePfLNvuk=",
          "optional": true
        },
        "esprima": {
          "version": "1.0.4",
          "resolved": "https://registry.npmjs.org/esprima/-/esprima-1.0.4.tgz",
          "integrity": "sha1-n1V+CPw7TSbs6d00+Pv0drYlha0=",
          "optional": true
        },
        "eventemitter2": {
          "version": "0.4.14",
          "resolved": "https://registry.npmjs.org/eventemitter2/-/eventemitter2-0.4.14.tgz",
          "integrity": "sha1-j2G3XN4BKy6esoTUVFWDtWQ7Yas=",
          "optional": true
        },
        "exit": {
          "version": "0.1.2",
          "resolved": "https://registry.npmjs.org/exit/-/exit-0.1.2.tgz",
          "integrity": "sha1-BjJjj42HfMghB9MKD/8aF8uhzQw="
        },
        "findup-sync": {
          "version": "0.1.3",
          "resolved": "https://registry.npmjs.org/findup-sync/-/findup-sync-0.1.3.tgz",
          "integrity": "sha1-fz56l7gjksZTvwZYm9hRkOk8NoM=",
          "optional": true,
          "requires": {
            "glob": "3.2.11",
            "lodash": "2.4.2"
          },
          "dependencies": {
            "glob": {
              "version": "3.2.11",
              "resolved": "https://registry.npmjs.org/glob/-/glob-3.2.11.tgz",
              "integrity": "sha1-Spc/Y1uRkPcV0QmH1cAP0oFevj0=",
              "optional": true,
              "requires": {
                "inherits": "2.0.3",
                "minimatch": "0.3.0"
              }
            },
            "lodash": {
              "version": "2.4.2",
              "resolved": "https://registry.npmjs.org/lodash/-/lodash-2.4.2.tgz",
              "integrity": "sha1-+t2DS5aDBz2hebPq5tnA0VBT9z4=",
              "optional": true
            },
            "minimatch": {
              "version": "0.3.0",
              "resolved": "https://registry.npmjs.org/minimatch/-/minimatch-0.3.0.tgz",
              "integrity": "sha1-J12O2qxPG7MyZHIInnlJyDlGmd0=",
              "optional": true,
              "requires": {
                "lru-cache": "2.7.3",
                "sigmund": "1.0.1"
              }
            }
          }
        },
        "getobject": {
          "version": "0.1.0",
          "resolved": "https://registry.npmjs.org/getobject/-/getobject-0.1.0.tgz",
          "integrity": "sha1-BHpEl4n6Fg0Bj1SG7ZEyC27HiFw="
        },
        "glob": {
          "version": "3.1.21",
          "resolved": "https://registry.npmjs.org/glob/-/glob-3.1.21.tgz",
          "integrity": "sha1-0p4KBV3qUTj00H7UDomC6DwgZs0=",
          "optional": true,
          "requires": {
            "graceful-fs": "1.2.3",
            "inherits": "1.0.2",
            "minimatch": "0.2.14"
          },
          "dependencies": {
            "inherits": {
              "version": "1.0.2",
              "resolved": "https://registry.npmjs.org/inherits/-/inherits-1.0.2.tgz",
              "integrity": "sha1-ykMJ2t7mtUzAuNJH6NfHoJdb3Js=",
              "optional": true
            }
          }
        },
        "graceful-fs": {
          "version": "1.2.3",
          "resolved": "https://registry.npmjs.org/graceful-fs/-/graceful-fs-1.2.3.tgz",
          "integrity": "sha1-FaSAaldUfLLS2/J/QuiajDRRs2Q=",
          "optional": true
        },
        "grunt": {
          "version": "0.4.5",
          "resolved": "https://registry.npmjs.org/grunt/-/grunt-0.4.5.tgz",
          "integrity": "sha1-VpN81RlDJK3/bSB2MYMqnWuk5/A=",
          "optional": true,
          "requires": {
            "async": "0.1.22",
            "coffee-script": "1.3.3",
            "colors": "0.6.2",
            "dateformat": "1.0.2-1.2.3",
            "eventemitter2": "0.4.14",
            "exit": "0.1.2",
            "findup-sync": "0.1.3",
            "getobject": "0.1.0",
            "glob": "3.1.21",
            "grunt-legacy-log": "0.1.3",
            "grunt-legacy-util": "0.2.0",
            "hooker": "0.2.3",
            "iconv-lite": "0.2.11",
            "js-yaml": "2.0.5",
            "lodash": "0.9.2",
            "minimatch": "0.2.14",
            "nopt": "1.0.10",
            "rimraf": "2.2.8",
            "underscore.string": "2.2.1",
            "which": "1.0.9"
          },
          "dependencies": {
            "lodash": {
              "version": "0.9.2",
              "resolved": "https://registry.npmjs.org/lodash/-/lodash-0.9.2.tgz",
              "integrity": "sha1-jzSZxSRdNG1oLlsNO0B2fgnxqSw=",
              "optional": true
            }
          }
        },
        "grunt-legacy-log": {
          "version": "0.1.3",
          "resolved": "https://registry.npmjs.org/grunt-legacy-log/-/grunt-legacy-log-0.1.3.tgz",
          "integrity": "sha1-7ClCboAwIa9ZAp+H0vnNczWgVTE=",
          "optional": true,
          "requires": {
            "colors": "0.6.2",
            "grunt-legacy-log-utils": "0.1.1",
            "hooker": "0.2.3",
            "lodash": "2.4.2",
            "underscore.string": "2.3.3"
          },
          "dependencies": {
            "lodash": {
              "version": "2.4.2",
              "resolved": "https://registry.npmjs.org/lodash/-/lodash-2.4.2.tgz",
              "integrity": "sha1-+t2DS5aDBz2hebPq5tnA0VBT9z4=",
              "optional": true
            },
            "underscore.string": {
              "version": "2.3.3",
              "resolved": "https://registry.npmjs.org/underscore.string/-/underscore.string-2.3.3.tgz",
              "integrity": "sha1-ccCL9rQosRM/N+ePo6Icgvcymw0=",
              "optional": true
            }
          }
        },
        "grunt-legacy-log-utils": {
          "version": "0.1.1",
          "resolved": "https://registry.npmjs.org/grunt-legacy-log-utils/-/grunt-legacy-log-utils-0.1.1.tgz",
          "integrity": "sha1-wHBrndkGThFvNvI/5OawSGcsD34=",
          "optional": true,
          "requires": {
            "colors": "0.6.2",
            "lodash": "2.4.2",
            "underscore.string": "2.3.3"
          },
          "dependencies": {
            "lodash": {
              "version": "2.4.2",
              "resolved": "https://registry.npmjs.org/lodash/-/lodash-2.4.2.tgz",
              "integrity": "sha1-+t2DS5aDBz2hebPq5tnA0VBT9z4=",
              "optional": true
            },
            "underscore.string": {
              "version": "2.3.3",
              "resolved": "https://registry.npmjs.org/underscore.string/-/underscore.string-2.3.3.tgz",
              "integrity": "sha1-ccCL9rQosRM/N+ePo6Icgvcymw0=",
              "optional": true
            }
          }
        },
        "grunt-legacy-util": {
          "version": "0.2.0",
          "resolved": "https://registry.npmjs.org/grunt-legacy-util/-/grunt-legacy-util-0.2.0.tgz",
          "integrity": "sha1-kzJIhNv343qf98Am3/RR2UqeVUs=",
          "optional": true,
          "requires": {
            "async": "0.1.22",
            "exit": "0.1.2",
            "getobject": "0.1.0",
            "hooker": "0.2.3",
            "lodash": "0.9.2",
            "underscore.string": "2.2.1",
            "which": "1.0.9"
          },
          "dependencies": {
            "lodash": {
              "version": "0.9.2",
              "resolved": "https://registry.npmjs.org/lodash/-/lodash-0.9.2.tgz",
              "integrity": "sha1-jzSZxSRdNG1oLlsNO0B2fgnxqSw=",
              "optional": true
            }
          }
        },
        "grunt-parallel": {
          "version": "0.4.1",
          "resolved": "https://registry.npmjs.org/grunt-parallel/-/grunt-parallel-0.4.1.tgz",
          "integrity": "sha1-iesfoQzR5bA8zQ0YXPMLpwwwzcg=",
          "optional": true,
          "requires": {
            "grunt": "0.4.5",
            "lpad": "0.1.0",
            "q": "0.8.12"
          }
        },
        "hooker": {
          "version": "0.2.3",
          "resolved": "https://registry.npmjs.org/hooker/-/hooker-0.2.3.tgz",
          "integrity": "sha1-uDT3I8xKJCqmWWNFnfbZhMXT2Vk="
        },
        "iconv-lite": {
          "version": "0.2.11",
          "resolved": "https://registry.npmjs.org/iconv-lite/-/iconv-lite-0.2.11.tgz",
          "integrity": "sha1-HOYKOleGSiktEyH/RgnKS7llrcg=",
          "optional": true
        },
        "inherits": {
          "version": "2.0.3",
          "resolved": "https://registry.npmjs.org/inherits/-/inherits-2.0.3.tgz",
          "integrity": "sha1-Yzwsg+PaQqUC9SRmAiSA9CCCYd4=",
          "optional": true
        },
        "jquery": {
          "version": "3.2.1",
          "resolved": "https://registry.npmjs.org/jquery/-/jquery-3.2.1.tgz",
          "integrity": "sha1-XE2d5lKvbNCncBVKYxu6ErAVx4c="
        },
        "js-yaml": {
          "version": "2.0.5",
          "resolved": "https://registry.npmjs.org/js-yaml/-/js-yaml-2.0.5.tgz",
          "integrity": "sha1-olrmUJmZ6X3yeMZxnaEb0Gh3Q6g=",
          "optional": true,
          "requires": {
            "argparse": "0.1.16",
            "esprima": "1.0.4"
          }
        },
        "lodash": {
          "version": "4.17.4",
          "resolved": "https://registry.npmjs.org/lodash/-/lodash-4.17.4.tgz",
          "integrity": "sha1-eCA6TRwyiuHYbcpkYONptX9AVa4="
        },
        "lpad": {
          "version": "0.1.0",
          "resolved": "https://registry.npmjs.org/lpad/-/lpad-0.1.0.tgz",
          "integrity": "sha1-5MYMKROTIcWXDeSTtJauDXdM0qc=",
          "optional": true
        },
        "lru-cache": {
          "version": "2.7.3",
          "resolved": "https://registry.npmjs.org/lru-cache/-/lru-cache-2.7.3.tgz",
          "integrity": "sha1-bUUk6LlV+V1PW1iFHOId1y+06VI="
        },
        "minimatch": {
          "version": "0.2.14",
          "resolved": "https://registry.npmjs.org/minimatch/-/minimatch-0.2.14.tgz",
          "integrity": "sha1-x054BXT2PG+aCQ6Q775u9TpqdWo=",
          "requires": {
            "lru-cache": "2.7.3",
            "sigmund": "1.0.1"
          }
        },
        "moment": {
          "version": "2.14.1",
          "resolved": "https://registry.npmjs.org/moment/-/moment-2.14.1.tgz",
          "integrity": "sha1-s1snxH5X7S3ccAU9awe+zbKRdBw=",
          "optional": true
        },
        "nopt": {
          "version": "1.0.10",
          "resolved": "https://registry.npmjs.org/nopt/-/nopt-1.0.10.tgz",
          "integrity": "sha1-bd0hvSoxQXuScn3Vhfim83YI6+4=",
          "optional": true,
          "requires": {
            "abbrev": "1.1.0"
          }
        },
        "patternfly": {
          "version": "3.26.6",
          "resolved": "https://registry.npmjs.org/patternfly/-/patternfly-3.26.6.tgz",
          "integrity": "sha1-6ni9ofBOQOBfkuyunfsZwB0VJ2Q=",
          "requires": {
            "bootstrap": "3.3.7",
            "bootstrap-datepicker": "1.6.4",
            "bootstrap-select": "1.12.4",
            "bootstrap-switch": "3.3.4",
            "bootstrap-touchspin": "3.1.1",
            "c3": "0.4.15",
            "d3": "3.5.17",
            "datatables.net": "1.10.15",
            "datatables.net-colreorder": "1.3.3",
            "datatables.net-colreorder-bs": "1.3.3",
            "datatables.net-select": "1.2.2",
            "drmonty-datatables-colvis": "1.1.2",
            "eonasdan-bootstrap-datetimepicker": "4.17.47",
            "font-awesome": "4.7.0",
            "google-code-prettify": "1.0.5",
            "jquery": "3.2.1",
            "jquery-match-height": "0.7.2",
            "moment": "2.14.1",
            "moment-timezone": "0.4.1",
            "patternfly-bootstrap-combobox": "1.1.7",
            "patternfly-bootstrap-treeview": "2.1.5"
          },
          "dependencies": {
            "bootstrap": {
              "version": "3.3.7",
              "resolved": "https://registry.npmjs.org/bootstrap/-/bootstrap-3.3.7.tgz",
              "integrity": "sha1-WjiTlFSfIzMIdaOxUGVldPip63E="
            },
            "bootstrap-datepicker": {
              "version": "1.6.4",
              "resolved": "https://registry.npmjs.org/bootstrap-datepicker/-/bootstrap-datepicker-1.6.4.tgz",
              "integrity": "sha1-iJ6+ztjqov8V7B8nPksHUxzEPaA=",
              "optional": true,
              "requires": {
                "jquery": "3.2.1"
              }
            },
            "bootstrap-select": {
              "version": "1.12.4",
              "resolved": "https://registry.npmjs.org/bootstrap-select/-/bootstrap-select-1.12.4.tgz",
              "integrity": "sha1-fxXTwM6XiGjZwJxw+WYk9V+gLuE=",
              "optional": true,
              "requires": {
                "jquery": "3.2.1"
              }
            },
            "bootstrap-switch": {
              "version": "3.3.4",
              "resolved": "https://registry.npmjs.org/bootstrap-switch/-/bootstrap-switch-3.3.4.tgz",
              "integrity": "sha1-cOCusqh3wNx2aZHeEI4hcPwpov8=",
              "optional": true
            },
            "bootstrap-touchspin": {
              "version": "3.1.1",
              "resolved": "https://registry.npmjs.org/bootstrap-touchspin/-/bootstrap-touchspin-3.1.1.tgz",
              "integrity": "sha1-l3nerHKq9Xfl52K4USx0fIcdlZc=",
              "optional": true
            },
            "c3": {
              "version": "0.4.15",
              "resolved": "https://registry.npmjs.org/c3/-/c3-0.4.15.tgz",
              "integrity": "sha512-DRlEmSC/slaHfMg+agLYBfCkLV7ShZtJKJDrtZ10fyfXNy0bGTUygf7eOcFDmrbxAjYPajvEwfTXRqEcfC9WGw==",
              "optional": true,
              "requires": {
                "d3": "3.5.17"
              }
            },
            "d3": {
              "version": "3.5.17",
              "resolved": "https://registry.npmjs.org/d3/-/d3-3.5.17.tgz",
              "integrity": "sha1-vEZ0gAQ3iyGjYMn8fPUjF5B2L7g=",
              "optional": true
            },
            "datatables.net": {
              "version": "1.10.15",
              "resolved": "https://registry.npmjs.org/datatables.net/-/datatables.net-1.10.15.tgz",
              "integrity": "sha1-x4kHe7/jhedf9aIz+l8jJRpy32g=",
              "requires": {
                "jquery": "3.2.1"
              }
            },
            "datatables.net-colreorder": {
              "version": "1.3.3",
              "resolved": "https://registry.npmjs.org/datatables.net-colreorder/-/datatables.net-colreorder-1.3.3.tgz",
              "integrity": "sha1-/HYuNQ+UIkyyzUXCuWImGg//73I=",
              "optional": true,
              "requires": {
                "datatables.net": "1.10.15",
                "jquery": "3.2.1"
              }
            },
            "datatables.net-colreorder-bs": {
              "version": "1.3.3",
              "resolved": "https://registry.npmjs.org/datatables.net-colreorder-bs/-/datatables.net-colreorder-bs-1.3.3.tgz",
              "integrity": "sha1-Op3LCN7r612FQHlZHgbkk615OlM=",
              "optional": true,
              "requires": {
                "datatables.net-bs": "1.10.15",
                "datatables.net-colreorder": "1.3.3",
                "jquery": "3.2.1"
              },
              "dependencies": {
                "datatables.net-bs": {
                  "version": "1.10.15",
                  "resolved": "https://registry.npmjs.org/datatables.net-bs/-/datatables.net-bs-1.10.15.tgz",
                  "integrity": "sha1-ssImEAfYTKW1q/VsGO3CJ+DaGk0=",
                  "optional": true,
                  "requires": {
                    "datatables.net": "1.10.15",
                    "jquery": "3.2.1"
                  }
                }
              }
            },
            "datatables.net-select": {
              "version": "1.2.2",
              "resolved": "https://registry.npmjs.org/datatables.net-select/-/datatables.net-select-1.2.2.tgz",
              "integrity": "sha1-llF5P1KJn05XRcByCCHouChvv0U=",
              "optional": true,
              "requires": {
                "datatables.net": "1.10.15",
                "jquery": "3.2.1"
              }
            },
            "drmonty-datatables-colvis": {
              "version": "1.1.2",
              "resolved": "https://registry.npmjs.org/drmonty-datatables-colvis/-/drmonty-datatables-colvis-1.1.2.tgz",
              "integrity": "sha1-lque37SGQ8wu3aP4e4iTPN7oEnw=",
              "optional": true,
              "requires": {
                "jquery": "3.2.1"
              }
            },
            "eonasdan-bootstrap-datetimepicker": {
              "version": "4.17.47",
              "resolved": "https://registry.npmjs.org/eonasdan-bootstrap-datetimepicker/-/eonasdan-bootstrap-datetimepicker-4.17.47.tgz",
              "integrity": "sha1-ekmXAEQGUnbnll79Fvgic1IZ5zU=",
              "optional": true,
              "requires": {
                "bootstrap": "3.3.7",
                "jquery": "3.2.1",
                "moment": "2.14.1",
                "moment-timezone": "0.4.1"
              }
            },
            "font-awesome": {
              "version": "4.7.0",
              "resolved": "https://registry.npmjs.org/font-awesome/-/font-awesome-4.7.0.tgz",
              "integrity": "sha1-j6jPBBGhoxr9B7BtKQK7n8gVoTM="
            },
            "google-code-prettify": {
              "version": "1.0.5",
              "resolved": "https://registry.npmjs.org/google-code-prettify/-/google-code-prettify-1.0.5.tgz",
              "integrity": "sha1-n0d/Ik2/piNy5e+AOn4VdBBAAIQ=",
              "optional": true
            },
            "jquery": {
              "version": "3.2.1",
              "resolved": "https://registry.npmjs.org/jquery/-/jquery-3.2.1.tgz",
              "integrity": "sha1-XE2d5lKvbNCncBVKYxu6ErAVx4c="
            },
            "jquery-match-height": {
              "version": "0.7.2",
              "resolved": "https://registry.npmjs.org/jquery-match-height/-/jquery-match-height-0.7.2.tgz",
              "integrity": "sha1-+NnzulMU2qsQnPB0CGdL4gS+Xw4=",
              "optional": true
            },
            "moment": {
              "version": "2.14.1",
              "resolved": "https://registry.npmjs.org/moment/-/moment-2.14.1.tgz",
              "integrity": "sha1-s1snxH5X7S3ccAU9awe+zbKRdBw="
            },
            "moment-timezone": {
              "version": "0.4.1",
              "resolved": "https://registry.npmjs.org/moment-timezone/-/moment-timezone-0.4.1.tgz",
              "integrity": "sha1-gfWYw61eIs2teWtn7NjYjQ9bqgY=",
              "optional": true,
              "requires": {
                "moment": "2.14.1"
              }
            },
            "patternfly-bootstrap-combobox": {
              "version": "1.1.7",
              "resolved": "https://registry.npmjs.org/patternfly-bootstrap-combobox/-/patternfly-bootstrap-combobox-1.1.7.tgz",
              "integrity": "sha1-al48zRFwwhs8S0qhaKdBPh3btuE=",
              "optional": true
            },
            "patternfly-bootstrap-treeview": {
              "version": "2.1.5",
              "resolved": "https://registry.npmjs.org/patternfly-bootstrap-treeview/-/patternfly-bootstrap-treeview-2.1.5.tgz",
              "integrity": "sha1-TCnyWC+4ovKPCpKPLw0yTSHWmQ0=",
              "optional": true,
              "requires": {
                "bootstrap": "3.3.7",
                "jquery": "3.2.1"
              }
            }
          }
        },
        "q": {
          "version": "0.8.12",
          "resolved": "https://registry.npmjs.org/q/-/q-0.8.12.tgz",
          "integrity": "sha1-kWKpHhGBnEvNp9oVz1/vqtB3iCM=",
          "optional": true
        },
        "rimraf": {
          "version": "2.2.8",
          "resolved": "https://registry.npmjs.org/rimraf/-/rimraf-2.2.8.tgz",
          "integrity": "sha1-5Dm+Kq7jJzIZUnMPmaiSnk/FBYI=",
          "optional": true
        },
        "sigmund": {
          "version": "1.0.1",
          "resolved": "https://registry.npmjs.org/sigmund/-/sigmund-1.0.1.tgz",
          "integrity": "sha1-P/IfGYytIXX587eBhT/ZTQ0ZtZA="
        },
        "underscore": {
          "version": "1.7.0",
          "resolved": "https://registry.npmjs.org/underscore/-/underscore-1.7.0.tgz",
          "integrity": "sha1-a7rwh3UA02vjTsqlhODbn+8DUgk=",
          "optional": true
        },
        "underscore.string": {
          "version": "2.2.1",
          "resolved": "https://registry.npmjs.org/underscore.string/-/underscore.string-2.2.1.tgz",
          "integrity": "sha1-18D6KvXVoaZ/QlPa7pgTLnM/Dxk="
        },
        "which": {
          "version": "1.0.9",
          "resolved": "https://registry.npmjs.org/which/-/which-1.0.9.tgz",
          "integrity": "sha1-RgwdoPgQED0DIam2M6+eV15kSG8="
        }
      }
    },
    "angular-resource": {
      "version": "1.6.6",
      "resolved": "https://registry.npmjs.org/angular-resource/-/angular-resource-1.6.6.tgz",
      "integrity": "sha1-QwZg6WnD589AxeJH5eaQ8G1u/GE="
    },
    "angular-route": {
      "version": "1.6.6",
      "resolved": "https://registry.npmjs.org/angular-route/-/angular-route-1.6.6.tgz",
      "integrity": "sha1-jBF0iqGVxxexthWn50ZEK/x8YfQ="
    },
    "angular-translate": {
      "version": "2.15.2",
      "resolved": "https://registry.npmjs.org/angular-translate/-/angular-translate-2.15.2.tgz",
      "integrity": "sha1-+aPCuNXa6312yeLAH/PD1X/hK5A=",
      "requires": {
        "angular": "1.6.6"
      }
    },
    "angular-translate-handler-log": {
      "version": "2.15.2",
      "resolved": "https://registry.npmjs.org/angular-translate-handler-log/-/angular-translate-handler-log-2.15.2.tgz",
      "integrity": "sha1-hyDTgjZzOEaIlz+Yy9fg9/5LEjQ=",
      "requires": {
        "angular-translate": "2.15.2"
      }
    },
    "angular-translate-loader-partial": {
      "version": "2.15.2",
      "resolved": "https://registry.npmjs.org/angular-translate-loader-partial/-/angular-translate-loader-partial-2.15.2.tgz",
      "integrity": "sha1-plB9OdyiOWjMJYCX21Rb4zEkZkQ=",
      "requires": {
        "angular-translate": "2.15.2"
      }
    },
    "angular-websocket": {
      "version": "2.0.1",
      "resolved": "https://registry.npmjs.org/angular-websocket/-/angular-websocket-2.0.1.tgz",
      "integrity": "sha1-D7TWDtkBi+WD0DHuxOVrRXy43O4=",
      "requires": {
        "angular": "1.6.6",
        "ws": "1.1.4"
      },
      "dependencies": {
        "options": {
          "version": "0.0.6",
          "resolved": "https://registry.npmjs.org/options/-/options-0.0.6.tgz",
          "integrity": "sha1-7CLTEoBrtT5zF3Pnza788cZDEo8="
        },
        "ultron": {
          "version": "1.0.2",
          "resolved": "https://registry.npmjs.org/ultron/-/ultron-1.0.2.tgz",
          "integrity": "sha1-rOEWq1V80Zc4ak6I9GhTeMiy5Po="
        },
        "ws": {
          "version": "1.1.4",
          "resolved": "https://registry.npmjs.org/ws/-/ws-1.1.4.tgz",
          "integrity": "sha1-V/QNA2gy5fUFVmKjl8Tedu1mv2E=",
          "requires": {
            "options": "0.0.6",
            "ultron": "1.0.2"
          }
        }
      }
    },
    "angularjs-datatables": {
      "version": "0.5.7",
      "resolved": "https://registry.npmjs.org/angularjs-datatables/-/angularjs-datatables-0.5.7.tgz",
      "integrity": "sha1-ZTUQhsvmsC7ZkHSA2d43sVwakZc=",
      "requires": {
        "angular": "1.6.6",
        "datatables.net": "1.10.16",
        "datatables.net-dt": "1.10.16",
        "grunt-parallel": "0.4.1",
        "jquery": "3.2.1"
      }
    },
    "argparse": {
      "version": "0.1.16",
      "resolved": "https://registry.npmjs.org/argparse/-/argparse-0.1.16.tgz",
      "integrity": "sha1-z9AeD7uj1srtBJ+9dY1A9lGW9Xw=",
      "requires": {
        "underscore": "1.7.0",
        "underscore.string": "2.4.0"
      },
      "dependencies": {
        "underscore.string": {
          "version": "2.4.0",
          "resolved": "https://registry.npmjs.org/underscore.string/-/underscore.string-2.4.0.tgz",
          "integrity": "sha1-jN2PusTi0uoefi6Al8QvRCKA+Fs="
        }
      }
    },
    "async": {
      "version": "0.1.22",
      "resolved": "https://registry.npmjs.org/async/-/async-0.1.22.tgz",
      "integrity": "sha1-D8GqoIig4+8Ovi2IMbqw3PiEUGE="
    },
    "coffee-script": {
      "version": "1.3.3",
      "resolved": "https://registry.npmjs.org/coffee-script/-/coffee-script-1.3.3.tgz",
      "integrity": "sha1-FQ1rTLUiiUNp7+1qIQHCC8f0pPQ="
    },
    "colors": {
      "version": "0.6.2",
      "resolved": "https://registry.npmjs.org/colors/-/colors-0.6.2.tgz",
      "integrity": "sha1-JCP+ZnisDF2uiFLl0OW+CMmXq8w="
    },
    "datatables.net": {
      "version": "1.10.16",
      "resolved": "https://registry.npmjs.org/datatables.net/-/datatables.net-1.10.16.tgz",
      "integrity": "sha1-SwUtEIKCQmG2ju2dInQbcR09JGk=",
      "requires": {
        "jquery": "3.2.1"
      }
    },
    "datatables.net-dt": {
      "version": "1.10.16",
      "resolved": "https://registry.npmjs.org/datatables.net-dt/-/datatables.net-dt-1.10.16.tgz",
      "integrity": "sha1-Z1ijCPueX5Yp+2VBzDAeSOyexVU=",
      "requires": {
        "datatables.net": "1.10.16",
        "jquery": "3.2.1"
      }
    },
    "dateformat": {
      "version": "1.0.2-1.2.3",
      "resolved": "https://registry.npmjs.org/dateformat/-/dateformat-1.0.2-1.2.3.tgz",
      "integrity": "sha1-sCIMAt6YYXQztyhRz0fePfLNvuk="
    },
    "esprima": {
      "version": "1.0.4",
      "resolved": "https://registry.npmjs.org/esprima/-/esprima-1.0.4.tgz",
      "integrity": "sha1-n1V+CPw7TSbs6d00+Pv0drYlha0="
    },
    "eventemitter2": {
      "version": "0.4.14",
      "resolved": "https://registry.npmjs.org/eventemitter2/-/eventemitter2-0.4.14.tgz",
      "integrity": "sha1-j2G3XN4BKy6esoTUVFWDtWQ7Yas="
    },
    "exit": {
      "version": "0.1.2",
      "resolved": "https://registry.npmjs.org/exit/-/exit-0.1.2.tgz",
      "integrity": "sha1-BjJjj42HfMghB9MKD/8aF8uhzQw="
    },
    "findup-sync": {
      "version": "0.1.3",
      "resolved": "https://registry.npmjs.org/findup-sync/-/findup-sync-0.1.3.tgz",
      "integrity": "sha1-fz56l7gjksZTvwZYm9hRkOk8NoM=",
      "requires": {
        "glob": "3.2.11",
        "lodash": "2.4.2"
      },
      "dependencies": {
        "glob": {
          "version": "3.2.11",
          "resolved": "https://registry.npmjs.org/glob/-/glob-3.2.11.tgz",
          "integrity": "sha1-Spc/Y1uRkPcV0QmH1cAP0oFevj0=",
          "requires": {
            "inherits": "2.0.3",
            "minimatch": "0.3.0"
          }
        },
        "lodash": {
          "version": "2.4.2",
          "resolved": "https://registry.npmjs.org/lodash/-/lodash-2.4.2.tgz",
          "integrity": "sha1-+t2DS5aDBz2hebPq5tnA0VBT9z4="
        },
        "minimatch": {
          "version": "0.3.0",
          "resolved": "https://registry.npmjs.org/minimatch/-/minimatch-0.3.0.tgz",
          "integrity": "sha1-J12O2qxPG7MyZHIInnlJyDlGmd0=",
          "requires": {
            "lru-cache": "2.7.3",
            "sigmund": "1.0.1"
          }
        }
      }
    },
    "getobject": {
      "version": "0.1.0",
      "resolved": "https://registry.npmjs.org/getobject/-/getobject-0.1.0.tgz",
      "integrity": "sha1-BHpEl4n6Fg0Bj1SG7ZEyC27HiFw="
    },
    "glob": {
      "version": "3.1.21",
      "resolved": "https://registry.npmjs.org/glob/-/glob-3.1.21.tgz",
      "integrity": "sha1-0p4KBV3qUTj00H7UDomC6DwgZs0=",
      "requires": {
        "graceful-fs": "1.2.3",
        "inherits": "1.0.2",
        "minimatch": "0.2.14"
      },
      "dependencies": {
        "inherits": {
          "version": "1.0.2",
          "resolved": "https://registry.npmjs.org/inherits/-/inherits-1.0.2.tgz",
          "integrity": "sha1-ykMJ2t7mtUzAuNJH6NfHoJdb3Js="
        }
      }
    },
    "graceful-fs": {
      "version": "1.2.3",
      "resolved": "https://registry.npmjs.org/graceful-fs/-/graceful-fs-1.2.3.tgz",
      "integrity": "sha1-FaSAaldUfLLS2/J/QuiajDRRs2Q="
    },
    "grunt": {
      "version": "0.4.5",
      "resolved": "https://registry.npmjs.org/grunt/-/grunt-0.4.5.tgz",
      "integrity": "sha1-VpN81RlDJK3/bSB2MYMqnWuk5/A=",
      "requires": {
        "async": "0.1.22",
        "coffee-script": "1.3.3",
        "colors": "0.6.2",
        "dateformat": "1.0.2-1.2.3",
        "eventemitter2": "0.4.14",
        "exit": "0.1.2",
        "findup-sync": "0.1.3",
        "getobject": "0.1.0",
        "glob": "3.1.21",
        "grunt-legacy-log": "0.1.3",
        "grunt-legacy-util": "0.2.0",
        "hooker": "0.2.3",
        "iconv-lite": "0.2.11",
        "js-yaml": "2.0.5",
        "lodash": "0.9.2",
        "minimatch": "0.2.14",
        "nopt": "1.0.10",
        "rimraf": "2.2.8",
        "underscore.string": "2.2.1",
        "which": "1.0.9"
      },
      "dependencies": {
        "lodash": {
          "version": "0.9.2",
          "resolved": "https://registry.npmjs.org/lodash/-/lodash-0.9.2.tgz",
          "integrity": "sha1-jzSZxSRdNG1oLlsNO0B2fgnxqSw="
        }
      }
    },
    "grunt-legacy-log": {
      "version": "0.1.3",
      "resolved": "https://registry.npmjs.org/grunt-legacy-log/-/grunt-legacy-log-0.1.3.tgz",
      "integrity": "sha1-7ClCboAwIa9ZAp+H0vnNczWgVTE=",
      "requires": {
        "colors": "0.6.2",
        "grunt-legacy-log-utils": "0.1.1",
        "hooker": "0.2.3",
        "lodash": "2.4.2",
        "underscore.string": "2.3.3"
      },
      "dependencies": {
        "lodash": {
          "version": "2.4.2",
          "resolved": "https://registry.npmjs.org/lodash/-/lodash-2.4.2.tgz",
          "integrity": "sha1-+t2DS5aDBz2hebPq5tnA0VBT9z4="
        },
        "underscore.string": {
          "version": "2.3.3",
          "resolved": "https://registry.npmjs.org/underscore.string/-/underscore.string-2.3.3.tgz",
          "integrity": "sha1-ccCL9rQosRM/N+ePo6Icgvcymw0="
        }
      }
    },
    "grunt-legacy-log-utils": {
      "version": "0.1.1",
      "resolved": "https://registry.npmjs.org/grunt-legacy-log-utils/-/grunt-legacy-log-utils-0.1.1.tgz",
      "integrity": "sha1-wHBrndkGThFvNvI/5OawSGcsD34=",
      "requires": {
        "colors": "0.6.2",
        "lodash": "2.4.2",
        "underscore.string": "2.3.3"
      },
      "dependencies": {
        "lodash": {
          "version": "2.4.2",
          "resolved": "https://registry.npmjs.org/lodash/-/lodash-2.4.2.tgz",
          "integrity": "sha1-+t2DS5aDBz2hebPq5tnA0VBT9z4="
        },
        "underscore.string": {
          "version": "2.3.3",
          "resolved": "https://registry.npmjs.org/underscore.string/-/underscore.string-2.3.3.tgz",
          "integrity": "sha1-ccCL9rQosRM/N+ePo6Icgvcymw0="
        }
      }
    },
    "grunt-legacy-util": {
      "version": "0.2.0",
      "resolved": "https://registry.npmjs.org/grunt-legacy-util/-/grunt-legacy-util-0.2.0.tgz",
      "integrity": "sha1-kzJIhNv343qf98Am3/RR2UqeVUs=",
      "requires": {
        "async": "0.1.22",
        "exit": "0.1.2",
        "getobject": "0.1.0",
        "hooker": "0.2.3",
        "lodash": "0.9.2",
        "underscore.string": "2.2.1",
        "which": "1.0.9"
      },
      "dependencies": {
        "lodash": {
          "version": "0.9.2",
          "resolved": "https://registry.npmjs.org/lodash/-/lodash-0.9.2.tgz",
          "integrity": "sha1-jzSZxSRdNG1oLlsNO0B2fgnxqSw="
        }
      }
    },
    "grunt-parallel": {
      "version": "0.4.1",
      "resolved": "https://registry.npmjs.org/grunt-parallel/-/grunt-parallel-0.4.1.tgz",
      "integrity": "sha1-iesfoQzR5bA8zQ0YXPMLpwwwzcg=",
      "requires": {
        "grunt": "0.4.5",
        "lpad": "0.1.0",
        "q": "0.8.12"
      }
    },
    "hooker": {
      "version": "0.2.3",
      "resolved": "https://registry.npmjs.org/hooker/-/hooker-0.2.3.tgz",
      "integrity": "sha1-uDT3I8xKJCqmWWNFnfbZhMXT2Vk="
    },
    "iconv-lite": {
      "version": "0.2.11",
      "resolved": "https://registry.npmjs.org/iconv-lite/-/iconv-lite-0.2.11.tgz",
      "integrity": "sha1-HOYKOleGSiktEyH/RgnKS7llrcg="
    },
    "inherits": {
      "version": "2.0.3",
      "resolved": "https://registry.npmjs.org/inherits/-/inherits-2.0.3.tgz",
      "integrity": "sha1-Yzwsg+PaQqUC9SRmAiSA9CCCYd4="
    },
    "jquery": {
      "version": "3.2.1",
      "resolved": "https://registry.npmjs.org/jquery/-/jquery-3.2.1.tgz",
      "integrity": "sha1-XE2d5lKvbNCncBVKYxu6ErAVx4c="
    },
    "js-yaml": {
      "version": "2.0.5",
      "resolved": "https://registry.npmjs.org/js-yaml/-/js-yaml-2.0.5.tgz",
      "integrity": "sha1-olrmUJmZ6X3yeMZxnaEb0Gh3Q6g=",
      "requires": {
        "argparse": "0.1.16",
        "esprima": "1.0.4"
      }
    },
    "lodash": {
      "version": "4.17.4",
      "resolved": "https://registry.npmjs.org/lodash/-/lodash-4.17.4.tgz",
      "integrity": "sha1-eCA6TRwyiuHYbcpkYONptX9AVa4="
    },
    "lpad": {
      "version": "0.1.0",
      "resolved": "https://registry.npmjs.org/lpad/-/lpad-0.1.0.tgz",
      "integrity": "sha1-5MYMKROTIcWXDeSTtJauDXdM0qc="
    },
    "lru-cache": {
      "version": "2.7.3",
      "resolved": "https://registry.npmjs.org/lru-cache/-/lru-cache-2.7.3.tgz",
      "integrity": "sha1-bUUk6LlV+V1PW1iFHOId1y+06VI="
    },
    "minimatch": {
      "version": "0.2.14",
      "resolved": "https://registry.npmjs.org/minimatch/-/minimatch-0.2.14.tgz",
      "integrity": "sha1-x054BXT2PG+aCQ6Q775u9TpqdWo=",
      "requires": {
        "lru-cache": "2.7.3",
        "sigmund": "1.0.1"
      }
    },
    "moment": {
      "version": "2.18.1",
      "resolved": "https://registry.npmjs.org/moment/-/moment-2.18.1.tgz",
      "integrity": "sha1-w2GT3Tzhwu7SrbfIAtu8d6gbHA8="
    },
    "nopt": {
      "version": "1.0.10",
      "resolved": "https://registry.npmjs.org/nopt/-/nopt-1.0.10.tgz",
      "integrity": "sha1-bd0hvSoxQXuScn3Vhfim83YI6+4=",
      "requires": {
        "abbrev": "1.1.0"
      }
    },
    "q": {
      "version": "0.8.12",
      "resolved": "https://registry.npmjs.org/q/-/q-0.8.12.tgz",
      "integrity": "sha1-kWKpHhGBnEvNp9oVz1/vqtB3iCM="
    },
    "rimraf": {
      "version": "2.2.8",
      "resolved": "https://registry.npmjs.org/rimraf/-/rimraf-2.2.8.tgz",
      "integrity": "sha1-5Dm+Kq7jJzIZUnMPmaiSnk/FBYI="
    },
    "sigmund": {
      "version": "1.0.1",
      "resolved": "https://registry.npmjs.org/sigmund/-/sigmund-1.0.1.tgz",
      "integrity": "sha1-P/IfGYytIXX587eBhT/ZTQ0ZtZA="
    },
    "underscore": {
      "version": "1.7.0",
      "resolved": "https://registry.npmjs.org/underscore/-/underscore-1.7.0.tgz",
      "integrity": "sha1-a7rwh3UA02vjTsqlhODbn+8DUgk="
    },
    "underscore.string": {
      "version": "2.2.1",
      "resolved": "https://registry.npmjs.org/underscore.string/-/underscore.string-2.2.1.tgz",
      "integrity": "sha1-18D6KvXVoaZ/QlPa7pgTLnM/Dxk="
    },
    "which": {
      "version": "1.0.9",
      "resolved": "https://registry.npmjs.org/which/-/which-1.0.9.tgz",
      "integrity": "sha1-RgwdoPgQED0DIam2M6+eV15kSG8="
    }
  }
}
